
Microsoft Visual Studio Solution File, Format Version 12.00
# Visual Studio Version 17
VisualStudioVersion = 17.3.32929.385
MinimumVisualStudioVersion = 10.0.40219.1
Project("{FAE04EC0-301F-11D3-BF4B-00C04F79EFBC}") = "kibelezaTi16Joyce", "kibelezaTi16Joyce.csproj", "{BA974146-7559-4969-AE54-21009E08DE61}"
EndProject
Global
	GlobalSection(SolutionConfigurationPlatforms) = preSolution
		Debug|Any CPU = Debug|Any CPU
		Release|Any CPU = Release|Any CPU
	EndGlobalSection
	GlobalSection(ProjectConfigurationPlatforms) = postSolution
		{BA974146-7559-4969-AE54-21009E08DE61}.Debug|Any CPU.ActiveCfg = Debug|Any CPU
		{BA974146-7559-4969-AE54-21009E08DE61}.Debug|Any CPU.Build.0 = Debug|Any CPU
		{BA974146-7559-4969-AE54-21009E08DE61}.Release|Any CPU.ActiveCfg = Release|Any CPU
		{BA974146-7559-4969-AE54-21009E08DE61}.Release|Any CPU.Build.0 = Release|Any CPU
	EndGlobalSection
	GlobalSection(SolutionProperties) = preSolution
		HideSolutionNode = FALSE
	EndGlobalSection
	GlobalSection(ExtensibilityGlobals) = postSolution
		SolutionGuid = {6B769E89-62AC-428F-9337-605E16EF5D29}
	EndGlobalSection
EndGlobal
